
Microsoft Visual Studio Solution File, Format Version 12.00
# Visual Studio Version 16
VisualStudioVersion = 16.0.29613.14
MinimumVisualStudioVersion = 10.0.40219.1
Project("{FAE04EC0-301F-11D3-BF4B-00C04F79EFBC}") = "EFWorkforce", "EFWorkforce.csproj", "{92F64576-22F4-42C3-8088-E40F181C1CFA}"
EndProject
Global
	GlobalSection(SolutionConfigurationPlatforms) = preSolution
		Debug|Any CPU = Debug|Any CPU
		Release|Any CPU = Release|Any CPU
	EndGlobalSection
	GlobalSection(ProjectConfigurationPlatforms) = postSolution
		{92F64576-22F4-42C3-8088-E40F181C1CFA}.Debug|Any CPU.ActiveCfg = Debug|Any CPU
		{92F64576-22F4-42C3-8088-E40F181C1CFA}.Debug|Any CPU.Build.0 = Debug|Any CPU
		{92F64576-22F4-42C3-8088-E40F181C1CFA}.Release|Any CPU.ActiveCfg = Release|Any CPU
		{92F64576-22F4-42C3-8088-E40F181C1CFA}.Release|Any CPU.Build.0 = Release|Any CPU
	EndGlobalSection
	GlobalSection(SolutionProperties) = preSolution
		HideSolutionNode = FALSE
	EndGlobalSection
	GlobalSection(ExtensibilityGlobals) = postSolution
		SolutionGuid = {653FE04B-88DF-4A4B-9994-5D8AC59178F3}
	EndGlobalSection
EndGlobal
